
Microsoft Visual Studio Solution File, Format Version 12.00
# Visual Studio Version 17
VisualStudioVersion = 17.4.33205.214
MinimumVisualStudioVersion = 10.0.40219.1
Project("{FAE04EC0-301F-11D3-BF4B-00C04F79EFBC}") = "Tomislav", "Tomislav\Tomislav.csproj", "{D00CC912-6385-4EB8-BA78-CEDDFDBCD22B}"
EndProject
Global
	GlobalSection(SolutionConfigurationPlatforms) = preSolution
		Debug|Any CPU = Debug|Any CPU
		Release|Any CPU = Release|Any CPU
	EndGlobalSection
	GlobalSection(ProjectConfigurationPlatforms) = postSolution
		{D00CC912-6385-4EB8-BA78-CEDDFDBCD22B}.Debug|Any CPU.ActiveCfg = Debug|Any CPU
		{D00CC912-6385-4EB8-BA78-CEDDFDBCD22B}.Debug|Any CPU.Build.0 = Debug|Any CPU
		{D00CC912-6385-4EB8-BA78-CEDDFDBCD22B}.Release|Any CPU.ActiveCfg = Release|Any CPU
		{D00CC912-6385-4EB8-BA78-CEDDFDBCD22B}.Release|Any CPU.Build.0 = Release|Any CPU
	EndGlobalSection
	GlobalSection(SolutionProperties) = preSolution
		HideSolutionNode = FALSE
	EndGlobalSection
	GlobalSection(ExtensibilityGlobals) = postSolution
		SolutionGuid = {D349630F-15CC-4642-8B27-42D2239D63AE}
	EndGlobalSection
EndGlobal
